
Microsoft Visual Studio Solution File, Format Version 12.00
# Visual Studio 15
VisualStudioVersion = 15.0.27703.2042
MinimumVisualStudioVersion = 10.0.40219.1
Project("{FAE04EC0-301F-11D3-BF4B-00C04F79EFBC}") = "App", "App\App.csproj", "{5A0F2C65-B7AA-4170-9874-AD3164148314}"
EndProject
Project("{FAE04EC0-301F-11D3-BF4B-00C04F79EFBC}") = "AppBusLogic", "AppBusLogic\AppBusLogic.csproj", "{D293B12A-C88B-46A8-B9EA-DC5469D40E65}"
EndProject
Global
	GlobalSection(SolutionConfigurationPlatforms) = preSolution
		Debug|Any CPU = Debug|Any CPU
		Release|Any CPU = Release|Any CPU
	EndGlobalSection
	GlobalSection(ProjectConfigurationPlatforms) = postSolution
		{5A0F2C65-B7AA-4170-9874-AD3164148314}.Debug|Any CPU.ActiveCfg = Debug|Any CPU
		{5A0F2C65-B7AA-4170-9874-AD3164148314}.Debug|Any CPU.Build.0 = Debug|Any CPU
		{5A0F2C65-B7AA-4170-9874-AD3164148314}.Release|Any CPU.ActiveCfg = Release|Any CPU
		{5A0F2C65-B7AA-4170-9874-AD3164148314}.Release|Any CPU.Build.0 = Release|Any CPU
		{D293B12A-C88B-46A8-B9EA-DC5469D40E65}.Debug|Any CPU.ActiveCfg = Debug|Any CPU
		{D293B12A-C88B-46A8-B9EA-DC5469D40E65}.Debug|Any CPU.Build.0 = Debug|Any CPU
		{D293B12A-C88B-46A8-B9EA-DC5469D40E65}.Release|Any CPU.ActiveCfg = Release|Any CPU
		{D293B12A-C88B-46A8-B9EA-DC5469D40E65}.Release|Any CPU.Build.0 = Release|Any CPU
	EndGlobalSection
	GlobalSection(SolutionProperties) = preSolution
		HideSolutionNode = FALSE
	EndGlobalSection
	GlobalSection(ExtensibilityGlobals) = postSolution
		SolutionGuid = {08A5747D-0ED2-43C2-A667-308451F6682A}
	EndGlobalSection
EndGlobal
